
Microsoft Visual Studio Solution File, Format Version 12.00
# Visual Studio Version 16
VisualStudioVersion = 16.0.31613.86
MinimumVisualStudioVersion = 10.0.40219.1
Project("{FAE04EC0-301F-11D3-BF4B-00C04F79EFBC}") = "VsSolutionCleaner", "VsSolutionCleaner\VsSolutionCleaner.csproj", "{23711A9E-7F36-43E8-96EE-EF77F021429D}"
EndProject
Global
	GlobalSection(SolutionConfigurationPlatforms) = preSolution
		Debug|Any CPU = Debug|Any CPU
		Release|Any CPU = Release|Any CPU
	EndGlobalSection
	GlobalSection(ProjectConfigurationPlatforms) = postSolution
		{23711A9E-7F36-43E8-96EE-EF77F021429D}.Debug|Any CPU.ActiveCfg = Debug|Any CPU
		{23711A9E-7F36-43E8-96EE-EF77F021429D}.Debug|Any CPU.Build.0 = Debug|Any CPU
		{23711A9E-7F36-43E8-96EE-EF77F021429D}.Release|Any CPU.ActiveCfg = Release|Any CPU
		{23711A9E-7F36-43E8-96EE-EF77F021429D}.Release|Any CPU.Build.0 = Release|Any CPU
	EndGlobalSection
	GlobalSection(SolutionProperties) = preSolution
		HideSolutionNode = FALSE
	EndGlobalSection
	GlobalSection(ExtensibilityGlobals) = postSolution
		SolutionGuid = {50F68B11-6CF1-4A45-9A35-3B112BE61B55}
	EndGlobalSection
EndGlobal
